
Microsoft Visual Studio Solution File, Format Version 12.00
# Visual Studio Version 16
VisualStudioVersion = 16.0.30413.136
MinimumVisualStudioVersion = 10.0.40219.1
Project("{9A19103F-16F7-4668-BE54-9A1E7A4F7556}") = "SocialNetworkingKataConsole", "SocialNetworkingKataConsole\SocialNetworkingKataConsole.csproj", "{0E44DDAC-26F6-4983-8008-6203593544F9}"
EndProject
Project("{2150E333-8FDC-42A3-9474-1A3956D46DE8}") = "Infrastructure", "Infrastructure", "{5D705CB5-526E-4F6C-A0D1-9BE71290BFF4}"
EndProject
Project("{2150E333-8FDC-42A3-9474-1A3956D46DE8}") = "Database", "Database", "{C02DC0B6-5BC8-4A64-8CC6-1809F950FFC7}"
EndProject
Project("{00D1A9C2-B5F0-4AF3-8072-F6C62B433612}") = "SocialNetworkingKataDatabase", "Database\SocialNetworkingKataDatabase\SocialNetworkingKataDatabase.sqlproj", "{C6D3AD06-62F0-4CA8-8427-E872144D41EE}"
EndProject
Project("{2150E333-8FDC-42A3-9474-1A3956D46DE8}") = "Services", "Services", "{435776BB-0F9A-4F3A-A55B-7829C2FC4377}"
EndProject
Project("{2150E333-8FDC-42A3-9474-1A3956D46DE8}") = "User", "User", "{BABC6BC0-596B-4EAA-99D5-40A96ABE2D97}"
EndProject
Project("{9A19103F-16F7-4668-BE54-9A1E7A4F7556}") = "User.Domain", "Services\User\User.Domain\User.Domain.csproj", "{1A9C5AA0-7310-4D2C-BB4B-722F4AC10A00}"
EndProject
Project("{9A19103F-16F7-4668-BE54-9A1E7A4F7556}") = "User.Infrastructure", "Services\User\User.Infrastructure\User.Infrastructure.csproj", "{CA96111B-476C-423F-B72E-A4E737074BA9}"
EndProject
Project("{9A19103F-16F7-4668-BE54-9A1E7A4F7556}") = "User.Service", "Services\User\User.Service\User.Service.csproj", "{53A0AB1F-3161-4B78-AFD9-FB52238687FD}"
EndProject
Project("{FAE04EC0-301F-11D3-BF4B-00C04F79EFBC}") = "SocialNetworkingKata.Infrastructure", "Infrastructure\SocialNetworkingKata.Infrastructure\SocialNetworkingKata.Infrastructure.csproj", "{61097CFA-3967-46A8-BA4F-A15974B4625A}"
EndProject
Project("{FAE04EC0-301F-11D3-BF4B-00C04F79EFBC}") = "SocialNetworkingKata.UnitTests.Services.Infrastructure", "Tests\SocialNetworkingKata.UnitTests.Infrastructure\SocialNetworkingKata.UnitTests.Services.Infrastructure.csproj", "{88CABB85-ECDE-41BC-A30D-768CBE83F401}"
EndProject
Project("{2150E333-8FDC-42A3-9474-1A3956D46DE8}") = "Tests", "Tests", "{8D765D27-4380-488A-9191-BFBF04E3D4E0}"
EndProject
Global
	GlobalSection(SolutionConfigurationPlatforms) = preSolution
		Debug|Any CPU = Debug|Any CPU
		Release|Any CPU = Release|Any CPU
	EndGlobalSection
	GlobalSection(ProjectConfigurationPlatforms) = postSolution
		{0E44DDAC-26F6-4983-8008-6203593544F9}.Debug|Any CPU.ActiveCfg = Debug|Any CPU
		{0E44DDAC-26F6-4983-8008-6203593544F9}.Debug|Any CPU.Build.0 = Debug|Any CPU
		{0E44DDAC-26F6-4983-8008-6203593544F9}.Release|Any CPU.ActiveCfg = Release|Any CPU
		{0E44DDAC-26F6-4983-8008-6203593544F9}.Release|Any CPU.Build.0 = Release|Any CPU
		{C6D3AD06-62F0-4CA8-8427-E872144D41EE}.Debug|Any CPU.ActiveCfg = Debug|Any CPU
		{C6D3AD06-62F0-4CA8-8427-E872144D41EE}.Debug|Any CPU.Build.0 = Debug|Any CPU
		{C6D3AD06-62F0-4CA8-8427-E872144D41EE}.Debug|Any CPU.Deploy.0 = Debug|Any CPU
		{C6D3AD06-62F0-4CA8-8427-E872144D41EE}.Release|Any CPU.ActiveCfg = Release|Any CPU
		{C6D3AD06-62F0-4CA8-8427-E872144D41EE}.Release|Any CPU.Build.0 = Release|Any CPU
		{C6D3AD06-62F0-4CA8-8427-E872144D41EE}.Release|Any CPU.Deploy.0 = Release|Any CPU
		{1A9C5AA0-7310-4D2C-BB4B-722F4AC10A00}.Debug|Any CPU.ActiveCfg = Debug|Any CPU
		{1A9C5AA0-7310-4D2C-BB4B-722F4AC10A00}.Debug|Any CPU.Build.0 = Debug|Any CPU
		{1A9C5AA0-7310-4D2C-BB4B-722F4AC10A00}.Release|Any CPU.ActiveCfg = Release|Any CPU
		{1A9C5AA0-7310-4D2C-BB4B-722F4AC10A00}.Release|Any CPU.Build.0 = Release|Any CPU
		{CA96111B-476C-423F-B72E-A4E737074BA9}.Debug|Any CPU.ActiveCfg = Debug|Any CPU
		{CA96111B-476C-423F-B72E-A4E737074BA9}.Debug|Any CPU.Build.0 = Debug|Any CPU
		{CA96111B-476C-423F-B72E-A4E737074BA9}.Release|Any CPU.ActiveCfg = Release|Any CPU
		{CA96111B-476C-423F-B72E-A4E737074BA9}.Release|Any CPU.Build.0 = Release|Any CPU
		{53A0AB1F-3161-4B78-AFD9-FB52238687FD}.Debug|Any CPU.ActiveCfg = Debug|Any CPU
		{53A0AB1F-3161-4B78-AFD9-FB52238687FD}.Debug|Any CPU.Build.0 = Debug|Any CPU
		{53A0AB1F-3161-4B78-AFD9-FB52238687FD}.Release|Any CPU.ActiveCfg = Release|Any CPU
		{53A0AB1F-3161-4B78-AFD9-FB52238687FD}.Release|Any CPU.Build.0 = Release|Any CPU
		{61097CFA-3967-46A8-BA4F-A15974B4625A}.Debug|Any CPU.ActiveCfg = Debug|Any CPU
		{61097CFA-3967-46A8-BA4F-A15974B4625A}.Debug|Any CPU.Build.0 = Debug|Any CPU
		{61097CFA-3967-46A8-BA4F-A15974B4625A}.Release|Any CPU.ActiveCfg = Release|Any CPU
		{61097CFA-3967-46A8-BA4F-A15974B4625A}.Release|Any CPU.Build.0 = Release|Any CPU
		{88CABB85-ECDE-41BC-A30D-768CBE83F401}.Debug|Any CPU.ActiveCfg = Debug|Any CPU
		{88CABB85-ECDE-41BC-A30D-768CBE83F401}.Debug|Any CPU.Build.0 = Debug|Any CPU
		{88CABB85-ECDE-41BC-A30D-768CBE83F401}.Release|Any CPU.ActiveCfg = Release|Any CPU
		{88CABB85-ECDE-41BC-A30D-768CBE83F401}.Release|Any CPU.Build.0 = Release|Any CPU
	EndGlobalSection
	GlobalSection(SolutionProperties) = preSolution
		HideSolutionNode = FALSE
	EndGlobalSection
	GlobalSection(NestedProjects) = preSolution
		{C6D3AD06-62F0-4CA8-8427-E872144D41EE} = {C02DC0B6-5BC8-4A64-8CC6-1809F950FFC7}
		{BABC6BC0-596B-4EAA-99D5-40A96ABE2D97} = {435776BB-0F9A-4F3A-A55B-7829C2FC4377}
		{1A9C5AA0-7310-4D2C-BB4B-722F4AC10A00} = {BABC6BC0-596B-4EAA-99D5-40A96ABE2D97}
		{CA96111B-476C-423F-B72E-A4E737074BA9} = {BABC6BC0-596B-4EAA-99D5-40A96ABE2D97}
		{53A0AB1F-3161-4B78-AFD9-FB52238687FD} = {BABC6BC0-596B-4EAA-99D5-40A96ABE2D97}
		{61097CFA-3967-46A8-BA4F-A15974B4625A} = {5D705CB5-526E-4F6C-A0D1-9BE71290BFF4}
		{88CABB85-ECDE-41BC-A30D-768CBE83F401} = {8D765D27-4380-488A-9191-BFBF04E3D4E0}
	EndGlobalSection
	GlobalSection(ExtensibilityGlobals) = postSolution
		SolutionGuid = {3E19358E-018D-4646-9DEC-7259819ECCF0}
	EndGlobalSection
EndGlobal
